
Microsoft Visual Studio Solution File, Format Version 12.00
# Visual Studio Version 17
VisualStudioVersion = 17.3.32901.215
MinimumVisualStudioVersion = 10.0.40219.1
Project("{9A19103F-16F7-4668-BE54-9A1E7A4F7556}") = "Toolbar", "Toolbar\Toolbar.csproj", "{5AD51D19-6F0C-4014-B77D-8948F64861A8}"
EndProject
Project("{2150E333-8FDC-42A3-9474-1A3956D46DE8}") = "Example Plugins", "Example Plugins", "{7D5367A0-DE75-478A-B1CD-CAC917F56182}"
EndProject
Project("{9A19103F-16F7-4668-BE54-9A1E7A4F7556}") = "SimpleToolbarPlugin", "Example Plugins\SimpleToolbarPlugin\SimpleToolbarPlugin.csproj", "{E56AA710-9B56-428A-88F3-66C543CC736F}"
EndProject
Project("{FAE04EC0-301F-11D3-BF4B-00C04F79EFBC}") = "AdvToolbarPlugin", "Example Plugins\AdvToolbarPlugin\AdvToolbarPlugin.csproj", "{66C35ECF-B047-4DFF-8DF7-A45FDE47219E}"
EndProject
Global
	GlobalSection(SolutionConfigurationPlatforms) = preSolution
		Debug|Any CPU = Debug|Any CPU
		Release|Any CPU = Release|Any CPU
	EndGlobalSection
	GlobalSection(ProjectConfigurationPlatforms) = postSolution
		{5AD51D19-6F0C-4014-B77D-8948F64861A8}.Debug|Any CPU.ActiveCfg = Debug|Any CPU
		{5AD51D19-6F0C-4014-B77D-8948F64861A8}.Debug|Any CPU.Build.0 = Debug|Any CPU
		{5AD51D19-6F0C-4014-B77D-8948F64861A8}.Release|Any CPU.ActiveCfg = Release|Any CPU
		{5AD51D19-6F0C-4014-B77D-8948F64861A8}.Release|Any CPU.Build.0 = Release|Any CPU
		{E56AA710-9B56-428A-88F3-66C543CC736F}.Debug|Any CPU.ActiveCfg = Debug|Any CPU
		{E56AA710-9B56-428A-88F3-66C543CC736F}.Debug|Any CPU.Build.0 = Debug|Any CPU
		{E56AA710-9B56-428A-88F3-66C543CC736F}.Release|Any CPU.ActiveCfg = Release|Any CPU
		{E56AA710-9B56-428A-88F3-66C543CC736F}.Release|Any CPU.Build.0 = Release|Any CPU
		{66C35ECF-B047-4DFF-8DF7-A45FDE47219E}.Debug|Any CPU.ActiveCfg = Debug|Any CPU
		{66C35ECF-B047-4DFF-8DF7-A45FDE47219E}.Debug|Any CPU.Build.0 = Debug|Any CPU
		{66C35ECF-B047-4DFF-8DF7-A45FDE47219E}.Release|Any CPU.ActiveCfg = Release|Any CPU
		{66C35ECF-B047-4DFF-8DF7-A45FDE47219E}.Release|Any CPU.Build.0 = Release|Any CPU
	EndGlobalSection
	GlobalSection(SolutionProperties) = preSolution
		HideSolutionNode = FALSE
	EndGlobalSection
	GlobalSection(NestedProjects) = preSolution
		{E56AA710-9B56-428A-88F3-66C543CC736F} = {7D5367A0-DE75-478A-B1CD-CAC917F56182}
		{66C35ECF-B047-4DFF-8DF7-A45FDE47219E} = {7D5367A0-DE75-478A-B1CD-CAC917F56182}
	EndGlobalSection
	GlobalSection(ExtensibilityGlobals) = postSolution
		SolutionGuid = {D3A3FA13-12B2-4E5C-BD71-DA23C2BD67BF}
	EndGlobalSection
EndGlobal
